# This file was autogenerated by Stack.
# You should not edit this file by hand.
# For more information, please see the documentation at:
#   https://docs.haskellstack.org/en/stable/lock_files

packages:
- completed:
    hackage: serverless-haskell-0.12.5@sha256:38ad00a675487b25feb1a2252eeb85e81721e63afec58a1f701b47bbbe5e8bc6,2630
    pantry-tree:
      size: 1846
      sha256: b9d6b0dac5c08be232cba0bc7616dc751ce667858f5eb02ff4ed133b66eaf5b2
  original:
    hackage: serverless-haskell-0.12.5
- completed:
    hackage: glider-nlp-0.4@sha256:3bf4edc4dc72b633debc0ffc2dc8edffae7871ed59c400512ac5aa4cf4a2bc90,2339
    pantry-tree:
      size: 1040
      sha256: fc6bbae05b6e309686a6eef93366028cdbe68814f882be655b23c0bca76d8bde
  original:
    hackage: glider-nlp-0.4
snapshots:
- completed:
    size: 500539
    url: https://raw.githubusercontent.com/commercialhaskell/stackage-snapshots/master/lts/13/30.yaml
    sha256: 59ad6b944c9903847fecdc1d4815e8500c1f9999d80fd1b4d2d66e408faec44b
  original: lts-13.30
